
Microsoft Visual Studio Solution File, Format Version 12.00
# Visual Studio Version 17
VisualStudioVersion = 17.7.34024.191
MinimumVisualStudioVersion = 10.0.40219.1
Project("{FAE04EC0-301F-11D3-BF4B-00C04F79EFBC}") = "StudentHouseMemberCart", "StudentHouseMemberCart\StudentHouseMemberCart.csproj", "{326874BD-1DB3-4904-9779-86CA4830B2A6}"
EndProject
Project("{FAE04EC0-301F-11D3-BF4B-00C04F79EFBC}") = "BusinessObjects", "BusinessObjects\BusinessObjects.csproj", "{1E301861-FF5C-4163-81A8-38C1669930A8}"
EndProject
Project("{FAE04EC0-301F-11D3-BF4B-00C04F79EFBC}") = "DataAccessObjects", "DataAccessObjects\DataAccessObjects.csproj", "{6408AB0A-7D66-47D6-A6B9-4E41ADD776FC}"
EndProject
Project("{FAE04EC0-301F-11D3-BF4B-00C04F79EFBC}") = "Repositories", "Repositories\Repositories.csproj", "{094CEDFA-A507-4B67-8F8D-09CD6C8543D5}"
EndProject
Global
	GlobalSection(SolutionConfigurationPlatforms) = preSolution
		Debug|Any CPU = Debug|Any CPU
		Release|Any CPU = Release|Any CPU
	EndGlobalSection
	GlobalSection(ProjectConfigurationPlatforms) = postSolution
		{326874BD-1DB3-4904-9779-86CA4830B2A6}.Debug|Any CPU.ActiveCfg = Debug|Any CPU
		{326874BD-1DB3-4904-9779-86CA4830B2A6}.Debug|Any CPU.Build.0 = Debug|Any CPU
		{326874BD-1DB3-4904-9779-86CA4830B2A6}.Release|Any CPU.ActiveCfg = Release|Any CPU
		{326874BD-1DB3-4904-9779-86CA4830B2A6}.Release|Any CPU.Build.0 = Release|Any CPU
		{1E301861-FF5C-4163-81A8-38C1669930A8}.Debug|Any CPU.ActiveCfg = Debug|Any CPU
		{1E301861-FF5C-4163-81A8-38C1669930A8}.Debug|Any CPU.Build.0 = Debug|Any CPU
		{1E301861-FF5C-4163-81A8-38C1669930A8}.Release|Any CPU.ActiveCfg = Release|Any CPU
		{1E301861-FF5C-4163-81A8-38C1669930A8}.Release|Any CPU.Build.0 = Release|Any CPU
		{6408AB0A-7D66-47D6-A6B9-4E41ADD776FC}.Debug|Any CPU.ActiveCfg = Debug|Any CPU
		{6408AB0A-7D66-47D6-A6B9-4E41ADD776FC}.Debug|Any CPU.Build.0 = Debug|Any CPU
		{6408AB0A-7D66-47D6-A6B9-4E41ADD776FC}.Release|Any CPU.ActiveCfg = Release|Any CPU
		{6408AB0A-7D66-47D6-A6B9-4E41ADD776FC}.Release|Any CPU.Build.0 = Release|Any CPU
		{094CEDFA-A507-4B67-8F8D-09CD6C8543D5}.Debug|Any CPU.ActiveCfg = Debug|Any CPU
		{094CEDFA-A507-4B67-8F8D-09CD6C8543D5}.Debug|Any CPU.Build.0 = Debug|Any CPU
		{094CEDFA-A507-4B67-8F8D-09CD6C8543D5}.Release|Any CPU.ActiveCfg = Release|Any CPU
		{094CEDFA-A507-4B67-8F8D-09CD6C8543D5}.Release|Any CPU.Build.0 = Release|Any CPU
	EndGlobalSection
	GlobalSection(SolutionProperties) = preSolution
		HideSolutionNode = FALSE
	EndGlobalSection
	GlobalSection(ExtensibilityGlobals) = postSolution
		SolutionGuid = {9973F6B1-0C6F-4783-9DAB-98F6622D84E7}
	EndGlobalSection
EndGlobal
